
Microsoft Visual Studio Solution File, Format Version 12.00
# Visual Studio 15
VisualStudioVersion = 15.0.26228.9
MinimumVisualStudioVersion = 10.0.40219.1
Project("{FAE04EC0-301F-11D3-BF4B-00C04F79EFBC}") = "WebChat", "Attendance\WebChat.csproj", "{BB91BF6A-5283-47C5-8A05-9B3B077CE371}"
EndProject
Project("{FAE04EC0-301F-11D3-BF4B-00C04F79EFBC}") = "SlackLibrary", "SlackLibrary\SlackLibrary.csproj", "{F2D8D828-013D-48FB-AF6C-89A40B2D512C}"
EndProject
Project("{FAE04EC0-301F-11D3-BF4B-00C04F79EFBC}") = "SlackLibrary.Models", "SlackLibrary.Models\SlackLibrary.Models.csproj", "{1CB8A6A8-2B4E-4179-B91B-FBB387B724F4}"
EndProject
Global
	GlobalSection(SolutionConfigurationPlatforms) = preSolution
		Debug|Any CPU = Debug|Any CPU
		Release|Any CPU = Release|Any CPU
	EndGlobalSection
	GlobalSection(ProjectConfigurationPlatforms) = postSolution
		{BB91BF6A-5283-47C5-8A05-9B3B077CE371}.Debug|Any CPU.ActiveCfg = Debug|Any CPU
		{BB91BF6A-5283-47C5-8A05-9B3B077CE371}.Debug|Any CPU.Build.0 = Debug|Any CPU
		{BB91BF6A-5283-47C5-8A05-9B3B077CE371}.Release|Any CPU.ActiveCfg = Release|Any CPU
		{BB91BF6A-5283-47C5-8A05-9B3B077CE371}.Release|Any CPU.Build.0 = Release|Any CPU
		{F2D8D828-013D-48FB-AF6C-89A40B2D512C}.Debug|Any CPU.ActiveCfg = Debug|Any CPU
		{F2D8D828-013D-48FB-AF6C-89A40B2D512C}.Debug|Any CPU.Build.0 = Debug|Any CPU
		{F2D8D828-013D-48FB-AF6C-89A40B2D512C}.Release|Any CPU.ActiveCfg = Release|Any CPU
		{F2D8D828-013D-48FB-AF6C-89A40B2D512C}.Release|Any CPU.Build.0 = Release|Any CPU
		{1CB8A6A8-2B4E-4179-B91B-FBB387B724F4}.Debug|Any CPU.ActiveCfg = Debug|Any CPU
		{1CB8A6A8-2B4E-4179-B91B-FBB387B724F4}.Debug|Any CPU.Build.0 = Debug|Any CPU
		{1CB8A6A8-2B4E-4179-B91B-FBB387B724F4}.Release|Any CPU.ActiveCfg = Release|Any CPU
		{1CB8A6A8-2B4E-4179-B91B-FBB387B724F4}.Release|Any CPU.Build.0 = Release|Any CPU
	EndGlobalSection
	GlobalSection(SolutionProperties) = preSolution
		HideSolutionNode = FALSE
	EndGlobalSection
EndGlobal
